
Microsoft Visual Studio Solution File, Format Version 12.00
# Visual Studio Version 16
VisualStudioVersion = 16.0.32002.261
MinimumVisualStudioVersion = 10.0.40219.1
Project("{FAE04EC0-301F-11D3-BF4B-00C04F79EFBC}") = "Dant4lion.ClientSide", "Dant4lion\Dant4lion.ClientSide.csproj", "{40AEF615-9538-4073-BFFC-9F7851F22C04}"
EndProject
Project("{FAE04EC0-301F-11D3-BF4B-00C04F79EFBC}") = "Dant4lion.Domain", "Dant4lion.Domain\Dant4lion.Domain.csproj", "{45B00BE0-D43E-4FC7-8B92-E1D788F20AE0}"
EndProject
Project("{FAE04EC0-301F-11D3-BF4B-00C04F79EFBC}") = "Dant4lion.Service", "Dant4lion.Service\Dant4lion.Service.csproj", "{F9A3B6DD-3562-472D-B9D9-98CEFF4BBE6E}"
EndProject
Project("{FAE04EC0-301F-11D3-BF4B-00C04F79EFBC}") = "Dant4lion.ServerSide", "Dant4lion.ServerSide\Dant4lion.ServerSide.csproj", "{A11056F6-5936-430A-AD37-D8C38CA4DA3C}"
EndProject
Global
	GlobalSection(SolutionConfigurationPlatforms) = preSolution
		Debug|Any CPU = Debug|Any CPU
		Release|Any CPU = Release|Any CPU
	EndGlobalSection
	GlobalSection(ProjectConfigurationPlatforms) = postSolution
		{40AEF615-9538-4073-BFFC-9F7851F22C04}.Debug|Any CPU.ActiveCfg = Debug|Any CPU
		{40AEF615-9538-4073-BFFC-9F7851F22C04}.Debug|Any CPU.Build.0 = Debug|Any CPU
		{40AEF615-9538-4073-BFFC-9F7851F22C04}.Release|Any CPU.ActiveCfg = Release|Any CPU
		{40AEF615-9538-4073-BFFC-9F7851F22C04}.Release|Any CPU.Build.0 = Release|Any CPU
		{45B00BE0-D43E-4FC7-8B92-E1D788F20AE0}.Debug|Any CPU.ActiveCfg = Debug|Any CPU
		{45B00BE0-D43E-4FC7-8B92-E1D788F20AE0}.Debug|Any CPU.Build.0 = Debug|Any CPU
		{45B00BE0-D43E-4FC7-8B92-E1D788F20AE0}.Release|Any CPU.ActiveCfg = Release|Any CPU
		{45B00BE0-D43E-4FC7-8B92-E1D788F20AE0}.Release|Any CPU.Build.0 = Release|Any CPU
		{F9A3B6DD-3562-472D-B9D9-98CEFF4BBE6E}.Debug|Any CPU.ActiveCfg = Debug|Any CPU
		{F9A3B6DD-3562-472D-B9D9-98CEFF4BBE6E}.Debug|Any CPU.Build.0 = Debug|Any CPU
		{F9A3B6DD-3562-472D-B9D9-98CEFF4BBE6E}.Release|Any CPU.ActiveCfg = Release|Any CPU
		{F9A3B6DD-3562-472D-B9D9-98CEFF4BBE6E}.Release|Any CPU.Build.0 = Release|Any CPU
		{A11056F6-5936-430A-AD37-D8C38CA4DA3C}.Debug|Any CPU.ActiveCfg = Debug|Any CPU
		{A11056F6-5936-430A-AD37-D8C38CA4DA3C}.Debug|Any CPU.Build.0 = Debug|Any CPU
		{A11056F6-5936-430A-AD37-D8C38CA4DA3C}.Release|Any CPU.ActiveCfg = Release|Any CPU
		{A11056F6-5936-430A-AD37-D8C38CA4DA3C}.Release|Any CPU.Build.0 = Release|Any CPU
	EndGlobalSection
	GlobalSection(SolutionProperties) = preSolution
		HideSolutionNode = FALSE
	EndGlobalSection
	GlobalSection(ExtensibilityGlobals) = postSolution
		SolutionGuid = {730311C2-FCBB-4A9D-B7E1-B70E216B15F6}
	EndGlobalSection
EndGlobal
